
Microsoft Visual Studio Solution File, Format Version 12.00
# Visual Studio Version 17
VisualStudioVersion = 17.4.33213.308
MinimumVisualStudioVersion = 10.0.40219.1
Project("{FAE04EC0-301F-11D3-BF4B-00C04F79EFBC}") = "AchilliosOmega.Api", "AchilliosOmega.Api\AchilliosOmega.Api.csproj", "{652CAFEA-4544-45AC-87C8-2996B3DE4E49}"
EndProject
Global
	GlobalSection(SolutionConfigurationPlatforms) = preSolution
		Debug|Any CPU = Debug|Any CPU
		Release|Any CPU = Release|Any CPU
	EndGlobalSection
	GlobalSection(ProjectConfigurationPlatforms) = postSolution
		{652CAFEA-4544-45AC-87C8-2996B3DE4E49}.Debug|Any CPU.ActiveCfg = Debug|Any CPU
		{652CAFEA-4544-45AC-87C8-2996B3DE4E49}.Debug|Any CPU.Build.0 = Debug|Any CPU
		{652CAFEA-4544-45AC-87C8-2996B3DE4E49}.Release|Any CPU.ActiveCfg = Release|Any CPU
		{652CAFEA-4544-45AC-87C8-2996B3DE4E49}.Release|Any CPU.Build.0 = Release|Any CPU
	EndGlobalSection
	GlobalSection(SolutionProperties) = preSolution
		HideSolutionNode = FALSE
	EndGlobalSection
	GlobalSection(ExtensibilityGlobals) = postSolution
		SolutionGuid = {4598E1CD-59C7-4247-B565-BD5F427BB48E}
	EndGlobalSection
EndGlobal
